<?xml version="1.0" encoding="utf-8"?>
<Project ToolsVersion="4.0" xmlns="http://schemas.microsoft.com/developer/msbuild/2003">
  <ItemGroup>
    <Filter Include="Source Files">
      <UniqueIdentifier>{4FC737F1-C7A5-4376-A066-2A32D752A2FF}</UniqueIdentifier>
      <Extensions>cpp;c;cc;cxx;def;odl;idl;hpj;bat;asm;asmx</Extensions>
    </Filter>
    <Filter Include="Header Files">
      <UniqueIdentifier>{93995380-89BD-4b04-88EB-625FBE52EBFB}</UniqueIdentifier>
      <Extensions>h;hh;hpp;hxx;hm;inl;inc;xsd</Extensions>
    </Filter>
    <Filter Include="Resource Files">
      <UniqueIdentifier>{67DA6AB6-F800-4c08-8B7A-83BB121AAD01}</UniqueIdentifier>
      <Extensions>rc;ico;cur;bmp;dlg;rc2;rct;bin;rgs;gif;jpg;jpeg;jpe;resx;tiff;tif;png;wav</Extensions>
    </Filter>
    <Filter Include="Source Files\cvdrone">
      <UniqueIdentifier>{54273abc-adfa-47d6-b4db-f22a69379dfb}</UniqueIdentifier>
    </Filter>
    <Filter Include="Header Files\cvdrone">
      <UniqueIdentifier>{2577a74b-a3c5-46dc-92e8-4cb3983b8a68}</UniqueIdentifier>
    </Filter>
    <Filter Include="Source Files\src">
      <UniqueIdentifier>{040ff026-ce67-4dbd-a1da-f948125e4aca}</UniqueIdentifier>
    </Filter>
    <Filter Include="Header Files\src">
      <UniqueIdentifier>{12d51620-5e99-4433-86bd-2c34b9ffb0b0}</UniqueIdentifier>
    </Filter>
    <Filter Include="Header Files\gamepad">
      <UniqueIdentifier>{a9b5e605-0fc1-4ee1-9ef3-57f46076bc6c}</UniqueIdentifier>
    </Filter>
    <Filter Include="Header Files\video">
      <UniqueIdentifier>{4ca67319-7e95-4ba9-8b31-2564d6547c90}</UniqueIdentifier>
    </Filter>
    <Filter Include="Source Files\gamepad">
      <UniqueIdentifier>{12245ef9-170b-406e-9713-89628692e4d7}</UniqueIdentifier>
    </Filter>
    <Filter Include="Source Files\video">
      <UniqueIdentifier>{8fd6af7b-e39d-4fca-81be-96c28d573955}</UniqueIdentifier>
    </Filter>
    <Filter Include="Header Files\pid">
      <UniqueIdentifier>{82508d81-52cc-4142-89f2-7404146ef5cf}</UniqueIdentifier>
    </Filter>
    <Filter Include="Source Files\pid">
      <UniqueIdentifier>{20c149cb-3c4e-4155-a2a0-2c071daa688d}</UniqueIdentifier>
    </Filter>
    <Filter Include="Header Files\ui">
      <UniqueIdentifier>{02e18772-4b1c-427c-ad92-2e1cbcc27526}</UniqueIdentifier>
    </Filter>
    <Filter Include="Source Files\ui">
      <UniqueIdentifier>{376a6132-85b1-41b7-b568-f7fc53d485f8}</UniqueIdentifier>
    </Filter>
  </ItemGroup>
  <ItemGroup>
    <ClCompile Include="cvdrone\ardrone\ardrone.cpp">
      <Filter>Source Files\cvdrone</Filter>
    </ClCompile>
    <ClCompile Include="cvdrone\ardrone\command.cpp">
      <Filter>Source Files\cvdrone</Filter>
    </ClCompile>
    <ClCompile Include="cvdrone\ardrone\config.cpp">
      <Filter>Source Files\cvdrone</Filter>
    </ClCompile>
    <ClCompile Include="cvdrone\ardrone\video.cpp">
      <Filter>Source Files\cvdrone</Filter>
    </ClCompile>
    <ClCompile Include="cvdrone\ardrone\version.cpp">
      <Filter>Source Files\cvdrone</Filter>
    </ClCompile>
    <ClCompile Include="cvdrone\ardrone\udp.cpp">
      <Filter>Source Files\cvdrone</Filter>
    </ClCompile>
    <ClCompile Include="cvdrone\ardrone\tcp.cpp">
      <Filter>Source Files\cvdrone</Filter>
    </ClCompile>
    <ClCompile Include="cvdrone\ardrone\navdata.cpp">
      <Filter>Source Files\cvdrone</Filter>
    </ClCompile>
    <ClCompile Include="src\COMP30040-3rd-year-project.cpp">
      <Filter>Source Files\src</Filter>
    </ClCompile>
    <ClCompile Include="src\utils\dsp\low-pass-filter.cpp">
      <Filter>Source Files</Filter>
    </ClCompile>
    <ClCompile Include="src\utils\dsp\pid-controller.cpp">
      <Filter>Source Files</Filter>
    </ClCompile>
    <ClCompile Include="src\utils\video\display-video-listener.cpp">
      <Filter>Source Files</Filter>
    </ClCompile>
    <ClCompile Include="src\utils\video\video-recorder.cpp">
      <Filter>Source Files</Filter>
    </ClCompile>
    <ClCompile Include="src\utils\lockable-object.cpp">
      <Filter>Source Files</Filter>
    </ClCompile>
    <ClCompile Include="src\utils\timer.cpp">
      <Filter>Source Files</Filter>
    </ClCompile>
    <ClCompile Include="src\utils\vec2f-visualizer.cpp">
      <Filter>Source Files</Filter>
    </ClCompile>
    <ClCompile Include="src\core\listeners\gamepad-listener-interface.cpp">
      <Filter>Source Files</Filter>
    </ClCompile>
    <ClCompile Include="src\core\managers\gamepad\gamepad-input-manager.cpp">
      <Filter>Source Files</Filter>
    </ClCompile>
    <ClCompile Include="src\core\managers\video\abstract-video-manager.cpp">
      <Filter>Source Files</Filter>
    </ClCompile>
    <ClCompile Include="src\core\managers\video\avi-video-manager.cpp">
      <Filter>Source Files</Filter>
    </ClCompile>
    <ClCompile Include="src\core\managers\video\drone-video-manager.cpp">
      <Filter>Source Files</Filter>
    </ClCompile>
    <ClCompile Include="src\core\managers\abstract-manager.cpp">
      <Filter>Source Files</Filter>
    </ClCompile>
    <ClCompile Include="src\configurations\camera.cpp">
      <Filter>Source Files</Filter>
    </ClCompile>
    <ClCompile Include="src\configurations\configuration.cpp">
      <Filter>Source Files</Filter>
    </ClCompile>
    <ClCompile Include="src\utils\video\display-and-record-video.cpp">
      <Filter>Source Files</Filter>
    </ClCompile>
    <ClCompile Include="src\drone\stabilisation\speed-controller.cpp">
      <Filter>Source Files</Filter>
    </ClCompile>
    <ClCompile Include="src\drone\stabilisation\motion-estimator.cpp">
      <Filter>Source Files</Filter>
    </ClCompile>
    <ClCompile Include="src\drone\drone-commander.cpp">
      <Filter>Source Files</Filter>
    </ClCompile>
    <ClCompile Include="src\core\managers\union-manager.cpp">
      <Filter>Source Files</Filter>
    </ClCompile>
    <ClCompile Include="src\core\application-container.cpp">
      <Filter>Source Files</Filter>
    </ClCompile>
    <ClCompile Include="src\drone\stabilisation\motion-listener.cpp">
      <Filter>Source Files</Filter>
    </ClCompile>
  </ItemGroup>
  <ItemGroup>
    <ClInclude Include="cvdrone\ardrone\ardrone.h">
      <Filter>Header Files\cvdrone</Filter>
    </ClInclude>
    <ClInclude Include="cvdrone\ardrone\uvlc.h">
      <Filter>Header Files\cvdrone</Filter>
    </ClInclude>
    <ClInclude Include="src\utils\dsp\low-pass-filter.h">
      <Filter>Header Files</Filter>
    </ClInclude>
    <ClInclude Include="src\utils\dsp\pid-controller.h">
      <Filter>Header Files</Filter>
    </ClInclude>
    <ClInclude Include="src\utils\video\display-video-listener.h">
      <Filter>Header Files</Filter>
    </ClInclude>
    <ClInclude Include="src\utils\video\video-recorder.h">
      <Filter>Header Files</Filter>
    </ClInclude>
    <ClInclude Include="src\utils\lockable-object.h">
      <Filter>Header Files</Filter>
    </ClInclude>
    <ClInclude Include="src\utils\timer.h">
      <Filter>Header Files</Filter>
    </ClInclude>
    <ClInclude Include="src\utils\vec2f-visualizer.h">
      <Filter>Header Files</Filter>
    </ClInclude>
    <ClInclude Include="src\core\listeners\gamepad-listener-interface.h">
      <Filter>Header Files</Filter>
    </ClInclude>
    <ClInclude Include="src\core\listeners\image-listener-interface.h">
      <Filter>Header Files</Filter>
    </ClInclude>
    <ClInclude Include="src\core\managers\gamepad\gamepad-input-manager.h">
      <Filter>Header Files</Filter>
    </ClInclude>
    <ClInclude Include="src\core\managers\video\abstract-video-manager.h">
      <Filter>Header Files</Filter>
    </ClInclude>
    <ClInclude Include="src\core\managers\video\avi-video-manager.h">
      <Filter>Header Files</Filter>
    </ClInclude>
    <ClInclude Include="src\core\managers\video\drone-video-manager.h">
      <Filter>Header Files</Filter>
    </ClInclude>
    <ClInclude Include="src\core\managers\abstract-manager.h">
      <Filter>Header Files</Filter>
    </ClInclude>
    <ClInclude Include="src\configurations\camera.h">
      <Filter>Header Files</Filter>
    </ClInclude>
    <ClInclude Include="src\configurations\configuration.h">
      <Filter>Header Files</Filter>
    </ClInclude>
    <ClInclude Include="src\utils\video\display-and-record-video.h">
      <Filter>Header Files</Filter>
    </ClInclude>
    <ClInclude Include="src\drone\stabilisation\speed-controller.h">
      <Filter>Header Files</Filter>
    </ClInclude>
    <ClInclude Include="src\drone\stabilisation\motion-estimator.h">
      <Filter>Header Files</Filter>
    </ClInclude>
    <ClInclude Include="src\drone\drone-commander.h">
      <Filter>Header Files</Filter>
    </ClInclude>
    <ClInclude Include="src\core\managers\union-manager.h">
      <Filter>Header Files</Filter>
    </ClInclude>
    <ClInclude Include="src\core\application-container.h">
      <Filter>Header Files</Filter>
    </ClInclude>
    <ClInclude Include="src\utils\vector.h">
      <Filter>Header Files</Filter>
    </ClInclude>
    <ClInclude Include="src\drone\stabilisation\motion-listener.h">
      <Filter>Header Files</Filter>
    </ClInclude>
  </ItemGroup>
  <ItemGroup>
    <None Include="win32bin\video.avi" />
    <None Include="videos\video.avi" />
  </ItemGroup>
</Project>